
Microsoft Visual Studio Solution File, Format Version 12.00
# Visual Studio 15
VisualStudioVersion = 15.0.28307.421
MinimumVisualStudioVersion = 10.0.40219.1
Project("{FAE04EC0-301F-11D3-BF4B-00C04F79EFBC}") = "Comics", "Comics\Comics.csproj", "{D4E5B824-F25B-4FD7-8E77-A6B0CF6E2109}"
EndProject
Global
	GlobalSection(SolutionConfigurationPlatforms) = preSolution
		Debug|Any CPU = Debug|Any CPU
		Release|Any CPU = Release|Any CPU
	EndGlobalSection
	GlobalSection(ProjectConfigurationPlatforms) = postSolution
		{D4E5B824-F25B-4FD7-8E77-A6B0CF6E2109}.Debug|Any CPU.ActiveCfg = Debug|Any CPU
		{D4E5B824-F25B-4FD7-8E77-A6B0CF6E2109}.Debug|Any CPU.Build.0 = Debug|Any CPU
		{D4E5B824-F25B-4FD7-8E77-A6B0CF6E2109}.Release|Any CPU.ActiveCfg = Release|Any CPU
		{D4E5B824-F25B-4FD7-8E77-A6B0CF6E2109}.Release|Any CPU.Build.0 = Release|Any CPU
	EndGlobalSection
	GlobalSection(SolutionProperties) = preSolution
		HideSolutionNode = FALSE
	EndGlobalSection
	GlobalSection(ExtensibilityGlobals) = postSolution
		SolutionGuid = {24FB9251-BFDA-4CA2-8C4B-24B05037F345}
	EndGlobalSection
EndGlobal
